
Microsoft Visual Studio Solution File, Format Version 12.00
# Visual Studio Version 17
VisualStudioVersion = 17.5.002.0
MinimumVisualStudioVersion = 10.0.40219.1
Project("{9A19103F-16F7-4668-BE54-9A1E7A4F7556}") = "MyCrudApp", "MyCrudApp.csproj", "{5FBA7FA3-3494-43DB-808A-53887CD3D866}"
EndProject
Global
	GlobalSection(SolutionConfigurationPlatforms) = preSolution
		Debug|Any CPU = Debug|Any CPU
		Release|Any CPU = Release|Any CPU
	EndGlobalSection
	GlobalSection(ProjectConfigurationPlatforms) = postSolution
		{5FBA7FA3-3494-43DB-808A-53887CD3D866}.Debug|Any CPU.ActiveCfg = Debug|Any CPU
		{5FBA7FA3-3494-43DB-808A-53887CD3D866}.Debug|Any CPU.Build.0 = Debug|Any CPU
		{5FBA7FA3-3494-43DB-808A-53887CD3D866}.Release|Any CPU.ActiveCfg = Release|Any CPU
		{5FBA7FA3-3494-43DB-808A-53887CD3D866}.Release|Any CPU.Build.0 = Release|Any CPU
	EndGlobalSection
	GlobalSection(SolutionProperties) = preSolution
		HideSolutionNode = FALSE
	EndGlobalSection
	GlobalSection(ExtensibilityGlobals) = postSolution
		SolutionGuid = {69788E1B-A80D-43A7-9ACF-B0BE90377A7F}
	EndGlobalSection
EndGlobal
